# This file is automatically @generated by Cargo.
# It is not intended for manual editing.
version = 4

[[package]]
name = "call"
version = "0.1.0"
dependencies = [
 "media",
 "sip-stack",
]

[[package]]
name = "engine-sim"
version = "0.1.0"
dependencies = [
 "call",
 "media",
 "rtp",
 "sip-stack",
]

[[package]]
name = "media"
version = "0.1.0"
dependencies = [
 "rtp",
]

[[package]]
name = "pbx-daemon"
version = "0.1.0"
dependencies = [
 "call",
 "sip-stack",
]

[[package]]
name = "rtp"
version = "0.1.0"

[[package]]
name = "sip-stack"
version = "0.1.0"
dependencies = [
 "sip-syntax",
]

[[package]]
name = "sip-syntax"
version = "0.1.0"
