# This file is automatically @generated by Cargo.
# It is not intended for manual editing.
version = 4

[[package]]
name = "api"
version = "0.1.0"
dependencies = [
 "call",
 "store",
]

[[package]]
name = "call"
version = "0.1.0"
dependencies = [
 "media",
 "sip-stack",
 "store",
 "vbd",
]

[[package]]
name = "engine-sim"
version = "0.1.0"
dependencies = [
 "call",
 "media",
 "rtp",
 "sip-stack",
 "store",
 "t38",
]

[[package]]
name = "faxserver"
version = "0.1.0"
dependencies = [
 "store",
 "t38",
]

[[package]]
name = "line-gw"
version = "0.1.0"
dependencies = [
 "sip-syntax",
]

[[package]]
name = "media"
version = "0.1.0"
dependencies = [
 "rtp",
]

[[package]]
name = "pbx-cli"
version = "0.1.0"
dependencies = [
 "store",
]

[[package]]
name = "pbx-daemon"
version = "0.1.0"
dependencies = [
 "api",
 "call",
 "media",
 "sip-stack",
 "store",
]

[[package]]
name = "rtp"
version = "0.1.0"

[[package]]
name = "sip-stack"
version = "0.1.0"
dependencies = [
 "sip-syntax",
]

[[package]]
name = "sip-syntax"
version = "0.1.0"

[[package]]
name = "store"
version = "0.1.0"

[[package]]
name = "t38"
version = "0.1.0"
dependencies = [
 "sip-syntax",
]

[[package]]
name = "vbd"
version = "0.1.0"
dependencies = [
 "media",
 "rtp",
]
